
Microsoft Visual Studio Solution File, Format Version 12.00
# Visual Studio 15
VisualStudioVersion = 15.0.28307.168
MinimumVisualStudioVersion = 10.0.40219.1
Project("{FAE04EC0-301F-11D3-BF4B-00C04F79EFBC}") = "Downloading", "Downloading\Downloading.csproj", "{B0974DE5-CFED-4163-B498-E60307E677CE}"
EndProject
Global
	GlobalSection(SolutionConfigurationPlatforms) = preSolution
		Debug|Any CPU = Debug|Any CPU
		Release|Any CPU = Release|Any CPU
	EndGlobalSection
	GlobalSection(ProjectConfigurationPlatforms) = postSolution
		{B0974DE5-CFED-4163-B498-E60307E677CE}.Debug|Any CPU.ActiveCfg = Debug|Any CPU
		{B0974DE5-CFED-4163-B498-E60307E677CE}.Debug|Any CPU.Build.0 = Debug|Any CPU
		{B0974DE5-CFED-4163-B498-E60307E677CE}.Release|Any CPU.ActiveCfg = Release|Any CPU
		{B0974DE5-CFED-4163-B498-E60307E677CE}.Release|Any CPU.Build.0 = Release|Any CPU
	EndGlobalSection
	GlobalSection(SolutionProperties) = preSolution
		HideSolutionNode = FALSE
	EndGlobalSection
	GlobalSection(ExtensibilityGlobals) = postSolution
		SolutionGuid = {7CB1CF22-4680-45EB-8961-E13E588D3F36}
	EndGlobalSection
EndGlobal
